
Microsoft Visual Studio Solution File, Format Version 12.00
# Visual Studio 15
VisualStudioVersion = 15.0.27703.2042
MinimumVisualStudioVersion = 10.0.40219.1
Project("{FAE04EC0-301F-11D3-BF4B-00C04F79EFBC}") = "Modul2HomeWork", "Modul2HomeWork\Modul2HomeWork.csproj", "{C08CEF8B-9CC8-4508-8464-76822804A1AF}"
EndProject
Global
	GlobalSection(SolutionConfigurationPlatforms) = preSolution
		Debug|Any CPU = Debug|Any CPU
		Release|Any CPU = Release|Any CPU
	EndGlobalSection
	GlobalSection(ProjectConfigurationPlatforms) = postSolution
		{C08CEF8B-9CC8-4508-8464-76822804A1AF}.Debug|Any CPU.ActiveCfg = Debug|Any CPU
		{C08CEF8B-9CC8-4508-8464-76822804A1AF}.Debug|Any CPU.Build.0 = Debug|Any CPU
		{C08CEF8B-9CC8-4508-8464-76822804A1AF}.Release|Any CPU.ActiveCfg = Release|Any CPU
		{C08CEF8B-9CC8-4508-8464-76822804A1AF}.Release|Any CPU.Build.0 = Release|Any CPU
	EndGlobalSection
	GlobalSection(SolutionProperties) = preSolution
		HideSolutionNode = FALSE
	EndGlobalSection
	GlobalSection(ExtensibilityGlobals) = postSolution
		SolutionGuid = {CF06DF31-56A7-411C-BD02-39151F473971}
	EndGlobalSection
EndGlobal
